
Microsoft Visual Studio Solution File, Format Version 12.00
# Visual Studio Version 16
VisualStudioVersion = 16.0.31005.135
MinimumVisualStudioVersion = 10.0.40219.1
Project("{FAE04EC0-301F-11D3-BF4B-00C04F79EFBC}") = "Sumofdigits", "Sumofdigits\Sumofdigits.csproj", "{A590DC93-C3E7-4BEC-A00C-DA9EBD4336CE}"
EndProject
Global
	GlobalSection(SolutionConfigurationPlatforms) = preSolution
		Debug|Any CPU = Debug|Any CPU
		Release|Any CPU = Release|Any CPU
	EndGlobalSection
	GlobalSection(ProjectConfigurationPlatforms) = postSolution
		{A590DC93-C3E7-4BEC-A00C-DA9EBD4336CE}.Debug|Any CPU.ActiveCfg = Debug|Any CPU
		{A590DC93-C3E7-4BEC-A00C-DA9EBD4336CE}.Debug|Any CPU.Build.0 = Debug|Any CPU
		{A590DC93-C3E7-4BEC-A00C-DA9EBD4336CE}.Release|Any CPU.ActiveCfg = Release|Any CPU
		{A590DC93-C3E7-4BEC-A00C-DA9EBD4336CE}.Release|Any CPU.Build.0 = Release|Any CPU
	EndGlobalSection
	GlobalSection(SolutionProperties) = preSolution
		HideSolutionNode = FALSE
	EndGlobalSection
	GlobalSection(ExtensibilityGlobals) = postSolution
		SolutionGuid = {72D071CD-B83C-41D3-80D2-34916F7E0D88}
	EndGlobalSection
EndGlobal
